#MicroXplorer Configuration settings - do not modify
Mcu.Family=STM32F4
ProjectManager.MainLocation=Core/Src
ProjectManager.ProjectFileName=F401xE_TEST.ioc
RCC.CortexFreq_Value=84000000
FREERTOS.Tasks01=defaultTask,40,256,StartDefaultTask,As weak,NULL,Dynamic,NULL,NULL
ProjectManager.KeepUserCode=true
PA10.Mode=Asynchronous
Mcu.UserName=STM32F401RETx
Mcu.PinsNb=12
ProjectManager.NoMain=true
USART6.IPParameters=VirtualMode,BaudRate
NVIC.SavedSvcallIrqHandlerGenerated=true
RCC.PLLCLKFreq_Value=84000000
VP_IWDG_VS_IWDG.Mode=IWDG_Activate
FREERTOS.configCHECK_FOR_STACK_OVERFLOW=2
RCC.PLLQCLKFreq_Value=42000000
ProjectManager.functionlistsort=1-MX_GPIO_Init-GPIO-false-HAL-true,2-SystemClock_Config-RCC-false-HAL-false,3-MX_USART1_UART_Init-USART1-false-HAL-true,4-MX_USART2_UART_Init-USART2-false-HAL-true,4-MX_IWDG_Init-IWDG-false-HAL-true
PH1\ -\ OSC_OUT.Mode=HSE-External-Oscillator
PC6.Signal=USART6_TX
RCC.RTCFreq_Value=32000
ProjectManager.DefaultFWLocation=true
ProjectManager.DeletePrevious=true
USART1.IPParameters=VirtualMode,OverSampling
RCC.APB1CLKDivider=RCC_HCLK_DIV2
PinOutPanel.RotationAngle=0
RCC.SYSCLKSource=RCC_SYSCLKSOURCE_PLLCLK
ProjectManager.StackSize=0x400
VP_FREERTOS_VS_CMSIS_V2.Mode=CMSIS_V2
NVIC.USART6_IRQn=true\:5\:0\:true\:false\:true\:true\:true\:true
PA13.Signal=SYS_JTMS-SWDIO
Mcu.IP4=SYS
RCC.FCLKCortexFreq_Value=84000000
Mcu.IP5=USART1
Mcu.IP2=NVIC
NVIC.SVCall_IRQn=true\:0\:0\:false\:false\:false\:false\:false\:false
Mcu.IP3=RCC
Mcu.IP0=FREERTOS
Mcu.IP1=IWDG
PA9.Mode=Asynchronous
PH0\ -\ OSC_IN.Mode=HSE-External-Oscillator
Mcu.UserConstants=
PH0\ -\ OSC_IN.Signal=RCC_OSC_IN
ProjectManager.TargetToolchain=Other Toolchains (GPDSC)
Mcu.ThirdPartyNb=0
PC6.Mode=Asynchronous
RCC.HCLKFreq_Value=84000000
Mcu.IPNb=7
RCC.I2SClocksFreq_Value=192000000
ProjectManager.PreviousToolchain=
RCC.APB2TimFreq_Value=84000000
PA9.Signal=USART1_TX
RCC.VcooutputI2S=192000000
PC7.Signal=USART6_RX
FREERTOS.configUSE_MALLOC_FAILED_HOOK=1
Mcu.Pin6=PA10
Mcu.Pin7=PA13
ProjectManager.RegisterCallBack=
Mcu.Pin8=PA14
Mcu.Pin9=VP_FREERTOS_VS_CMSIS_V2
FREERTOS.IPParameters=Tasks01,configTOTAL_HEAP_SIZE,configUSE_MALLOC_FAILED_HOOK,configCHECK_FOR_STACK_OVERFLOW,configUSE_NEWLIB_REENTRANT,FootprintOK
RCC.LSE_VALUE=32768
RCC.AHBFreq_Value=84000000
Mcu.Pin0=PH0 - OSC_IN
Mcu.Pin1=PH1 - OSC_OUT
GPIO.groupedBy=Group By Peripherals
Mcu.Pin2=PA5
Mcu.Pin3=PC6
Mcu.Pin4=PC7
RCC.VCOI2SOutputFreq_Value=384000000
Mcu.Pin5=PA9
PA5.Signal=GPIO_Output
ProjectManager.ProjectBuild=false
RCC.HSE_VALUE=25000000
NVIC.UsageFault_IRQn=true\:0\:0\:false\:false\:true\:false\:false\:false
NVIC.DebugMonitor_IRQn=true\:0\:0\:false\:false\:true\:false\:false\:false
PH1\ -\ OSC_OUT.Signal=RCC_OSC_OUT
board=custom
RCC.VCOOutputFreq_Value=168000000
NVIC.SysTick_IRQn=true\:0\:0\:false\:false\:false\:false\:false\:false
ProjectManager.LastFirmware=true
ProjectManager.FirmwarePackage=STM32Cube FW_F4 V1.25.2
MxDb.Version=DB.6.0.0
NVIC.SavedSystickIrqHandlerGenerated=true
RCC.APB2Freq_Value=84000000
ProjectManager.BackupPrevious=false
MxCube.Version=6.0.1
RCC.VCOInputFreq_Value=2000000
VP_SYS_VS_tim1.Signal=SYS_VS_tim1
PA14.Mode=Serial_Wire
VP_SYS_VS_tim1.Mode=TIM1
File.Version=6
NVIC.NonMaskableInt_IRQn=true\:0\:0\:false\:false\:true\:false\:false\:false
NVIC.PendSV_IRQn=true\:0\:0\:false\:false\:false\:false\:false\:false
PA13.Mode=Serial_Wire
ProjectManager.FreePins=false
RCC.IPParameters=48MHZClocksFreq_Value,AHBFreq_Value,APB1CLKDivider,APB1Freq_Value,APB1TimFreq_Value,APB2Freq_Value,APB2TimFreq_Value,CortexFreq_Value,FCLKCortexFreq_Value,HCLKFreq_Value,HSE_VALUE,HSI_VALUE,I2SClocksFreq_Value,LSE_VALUE,LSI_VALUE,MCO2PinFreq_Value,PLLCLKFreq_Value,PLLM,PLLN,PLLQCLKFreq_Value,RTCFreq_Value,RTCHSEDivFreq_Value,SYSCLKFreq_VALUE,SYSCLKSource,VCOI2SOutputFreq_Value,VCOInputFreq_Value,VCOOutputFreq_Value,VcooutputI2S
IWDG.IPParameters=Prescaler,Reload
ProjectManager.AskForMigrate=true
Mcu.Name=STM32F401R(D-E)Tx
ProjectManager.HalAssertFull=false
FREERTOS.configTOTAL_HEAP_SIZE=51200
NVIC.SavedPendsvIrqHandlerGenerated=true
RCC.RTCHSEDivFreq_Value=12500000
ProjectManager.ProjectName=F401xE_TEST
ProjectManager.UnderRoot=false
VP_FREERTOS_VS_CMSIS_V2.Signal=FREERTOS_VS_CMSIS_V2
Mcu.IP6=USART6
ProjectManager.CoupleFile=true
RCC.48MHZClocksFreq_Value=42000000
RCC.MCO2PinFreq_Value=84000000
RCC.SYSCLKFreq_VALUE=84000000
Mcu.Package=LQFP64
USART1.OverSampling=UART_OVERSAMPLING_16
FREERTOS.configUSE_NEWLIB_REENTRANT=0
PA5.Locked=true
NVIC.TimeBase=TIM1_UP_TIM10_IRQn
PA5.GPIO_Label=GPIO_STATUS
NVIC.ForceEnableDMAVector=true
KeepUserPlacement=false
USART6.VirtualMode=VM_ASYNC
NVIC.MemoryManagement_IRQn=true\:0\:0\:false\:false\:true\:false\:false\:false
USART1.VirtualMode=VM_ASYNC
ProjectManager.CompilerOptimize=6
ProjectManager.ToolChainLocation=
RCC.LSI_VALUE=32000
VP_IWDG_VS_IWDG.Signal=IWDG_VS_IWDG
IWDG.Reload=1000
NVIC.TimeBaseIP=TIM1
PA10.Signal=USART1_RX
PA14.Signal=SYS_JTCK-SWCLK
FREERTOS.FootprintOK=true
ProjectManager.HeapSize=0x200
NVIC.HardFault_IRQn=true\:0\:0\:false\:false\:true\:false\:false\:false
USART6.BaudRate=9600
PA5.GPIOParameters=GPIO_Label
NVIC.TIM1_UP_TIM10_IRQn=true\:0\:0\:false\:false\:true\:false\:false\:true
ProjectManager.ComputerToolchain=false
RCC.HSI_VALUE=16000000
NVIC.PriorityGroup=NVIC_PRIORITYGROUP_4
Mcu.Pin11=VP_SYS_VS_tim1
RCC.PLLM=8
RCC.PLLN=84
IWDG.Prescaler=IWDG_PRESCALER_32
Mcu.Pin10=VP_IWDG_VS_IWDG
RCC.APB1TimFreq_Value=84000000
NVIC.BusFault_IRQn=true\:0\:0\:false\:false\:true\:false\:false\:false
PC7.Mode=Asynchronous
NVIC.USART1_IRQn=true\:6\:0\:true\:false\:true\:false\:true\:true
RCC.APB1Freq_Value=42000000
ProjectManager.CustomerFirmwarePackage=
ProjectManager.DeviceId=STM32F401RETx
ProjectManager.LibraryCopy=1
