#MicroXplorer Configuration settings - do not modify
Mcu.Family=STM32F1
NVIC.USART3_IRQn=true\:0\:0\:false\:false\:true\:true\:true
RCC.PLLSourceVirtual=RCC_PLLSOURCE_HSE
ProjectManager.MainLocation=Core/Src
RCC.MCOFreq_Value=72000000
PB13.GPIOParameters=GPIO_Speed,GPIO_PuPd,GPIO_Label
ProjectManager.ProjectFileName=F103xB_METEOSTATION.ioc
USART2.IPParameters=VirtualMode,BaudRate
PD1-OSC_OUT.Mode=HSE-External-Oscillator
ProjectManager.KeepUserCode=true
PA10.Mode=Asynchronous
Mcu.UserName=STM32F103CBTx
Mcu.PinsNb=18
PB10.Mode=Asynchronous
ProjectManager.NoMain=true
USART1.BaudRate=115200
RCC.PLLCLKFreq_Value=72000000
PB14.GPIO_Label=GPIO_RED
PC13-TAMPER-RTC.GPIOParameters=GPIO_Label
VP_IWDG_VS_IWDG.Mode=IWDG_Activate
ProjectManager.functionlistsort=1-MX_GPIO_Init-GPIO-false-HAL-true,2-SystemClock_Config-RCC-false-HAL-false,3-MX_I2C1_Init-I2C1-false-HAL-true,4-MX_IWDG_Init-IWDG-false-HAL-true,5-MX_USART1_UART_Init-USART1-false-HAL-true,6-MX_USART2_UART_Init-USART2-false-HAL-true,7-MX_USART3_UART_Init-USART3-false-HAL-true
PC13-TAMPER-RTC.Signal=GPIO_Output
RCC.ADCFreqValue=36000000
ProjectManager.DefaultFWLocation=true
PD0-OSC_IN.Signal=RCC_OSC_IN
PB12.Locked=true
ProjectManager.DeletePrevious=true
USART1.IPParameters=VirtualMode,BaudRate
PB14.Locked=true
RCC.APB1CLKDivider=RCC_HCLK_DIV2
PB13.GPIO_Label=GPIO_GREEN
PB11.Signal=USART3_RX
PB13.Signal=GPIO_Output
NVIC.USART2_IRQn=true\:0\:0\:false\:false\:true\:true\:true
USART2.BaudRate=9600
PinOutPanel.RotationAngle=0
RCC.FamilyName=M
RCC.SYSCLKSource=RCC_SYSCLKSOURCE_PLLCLK
ProjectManager.StackSize=0x400
PD1-OSC_OUT.Signal=RCC_OSC_OUT
PA13.Signal=SYS_JTMS-SWDIO
PA3.Mode=Asynchronous
Mcu.IP4=SYS
RCC.FCLKCortexFreq_Value=72000000
Mcu.IP5=USART1
Mcu.IP2=NVIC
NVIC.SVCall_IRQn=true\:0\:0\:false\:false\:true\:false\:false
Mcu.IP3=RCC
Mcu.IP0=I2C1
Mcu.IP1=IWDG
PA9.Mode=Asynchronous
Mcu.UserConstants=
PB11.Mode=Asynchronous
ProjectManager.TargetToolchain=Other Toolchains (GPDSC)
PB14.GPIO_Speed=GPIO_SPEED_FREQ_HIGH
Mcu.ThirdPartyNb=0
RCC.HCLKFreq_Value=72000000
Mcu.IPNb=8
ProjectManager.PreviousToolchain=
RCC.APB2TimFreq_Value=72000000
PA9.Signal=USART1_TX
PB6.Signal=I2C1_SCL
PB13.GPIO_Speed=GPIO_SPEED_FREQ_HIGH
PB12.PinState=GPIO_PIN_SET
PB6.Mode=I2C
Mcu.Pin6=PB11
Mcu.Pin7=PB12
ProjectManager.RegisterCallBack=
PC13-TAMPER-RTC.Locked=true
Mcu.Pin8=PB13
RCC.USBFreq_Value=72000000
Mcu.Pin9=PB14
RCC.AHBFreq_Value=72000000
PB12.GPIO_Speed=GPIO_SPEED_FREQ_HIGH
PB13.Locked=true
Mcu.Pin0=PC13-TAMPER-RTC
Mcu.Pin1=PD0-OSC_IN
GPIO.groupedBy=Group By Peripherals
PD0-OSC_IN.Mode=HSE-External-Oscillator
Mcu.Pin2=PD1-OSC_OUT
PB10.Signal=USART3_TX
Mcu.Pin3=PA2
Mcu.Pin4=PA3
Mcu.Pin5=PB10
PB14.Signal=GPIO_Output
ProjectManager.ProjectBuild=false
NVIC.UsageFault_IRQn=true\:0\:0\:false\:false\:true\:false\:false
NVIC.DebugMonitor_IRQn=true\:0\:0\:false\:false\:true\:false\:false
board=custom
NVIC.SysTick_IRQn=true\:0\:0\:false\:false\:true\:false\:true
ProjectManager.LastFirmware=true
PC13-TAMPER-RTC.GPIO_Label=GPIO_STATUS
RCC.PLLMUL=RCC_PLL_MUL9
PB12.GPIO_Label=GPIO_BLUE
PB13.GPIO_PuPd=GPIO_PULLUP
RCC.VCOOutput2Freq_Value=8000000
ProjectManager.FirmwarePackage=STM32Cube FW_F1 V1.8.3
MxDb.Version=DB.6.0.10
RCC.APB2Freq_Value=72000000
ProjectManager.BackupPrevious=false
MxCube.Version=6.1.1
PA14.Mode=Serial_Wire
File.Version=6
VP_SYS_VS_Systick.Mode=SysTick
PB7.Signal=I2C1_SDA
NVIC.NonMaskableInt_IRQn=true\:0\:0\:false\:false\:true\:false\:false
NVIC.PendSV_IRQn=true\:0\:0\:false\:false\:true\:false\:false
PA13.Mode=Serial_Wire
ProjectManager.FreePins=false
RCC.IPParameters=ADCFreqValue,AHBFreq_Value,APB1CLKDivider,APB1Freq_Value,APB1TimFreq_Value,APB2Freq_Value,APB2TimFreq_Value,FCLKCortexFreq_Value,FamilyName,HCLKFreq_Value,MCOFreq_Value,PLLCLKFreq_Value,PLLMCOFreq_Value,PLLMUL,PLLSourceVirtual,SYSCLKFreq_VALUE,SYSCLKSource,TimSysFreq_Value,USBFreq_Value,VCOOutput2Freq_Value
IWDG.IPParameters=Prescaler,Reload
ProjectManager.AskForMigrate=false
Mcu.Name=STM32F103C(8-B)Tx
ProjectManager.HalAssertFull=false
PA2.Signal=USART2_TX
ProjectManager.ProjectName=F103xB_METEOSTATION
ProjectManager.UnderRoot=false
Mcu.IP6=USART2
RCC.PLLMCOFreq_Value=36000000
Mcu.IP7=USART3
ProjectManager.CoupleFile=true
RCC.SYSCLKFreq_VALUE=72000000
Mcu.Package=LQFP48
PB14.GPIO_PuPd=GPIO_PULLUP
RCC.TimSysFreq_Value=72000000
NVIC.ForceEnableDMAVector=true
KeepUserPlacement=false
USART2.VirtualMode=VM_ASYNC
USART3.VirtualMode=VM_ASYNC
NVIC.MemoryManagement_IRQn=true\:0\:0\:false\:false\:true\:false\:false
USART1.VirtualMode=VM_ASYNC
ProjectManager.CompilerOptimize=6
ProjectManager.ToolChainLocation=
VP_SYS_VS_Systick.Signal=SYS_VS_Systick
PB7.Mode=I2C
VP_IWDG_VS_IWDG.Signal=IWDG_VS_IWDG
IWDG.Reload=3124
USART3.IPParameters=VirtualMode
PA10.Signal=USART1_RX
PA14.Signal=SYS_JTCK-SWCLK
ProjectManager.HeapSize=0x200
Mcu.Pin15=PB7
NVIC.HardFault_IRQn=true\:0\:0\:false\:false\:true\:false\:false
Mcu.Pin16=VP_IWDG_VS_IWDG
Mcu.Pin13=PA14
Mcu.Pin14=PB6
PB14.GPIOParameters=GPIO_Speed,GPIO_PuPd,GPIO_Label
ProjectManager.ComputerToolchain=false
Mcu.Pin17=VP_SYS_VS_Systick
NVIC.PriorityGroup=NVIC_PRIORITYGROUP_4
Mcu.Pin11=PA10
Mcu.Pin12=PA13
Mcu.Pin10=PA9
IWDG.Prescaler=IWDG_PRESCALER_64
RCC.APB1TimFreq_Value=72000000
PA2.Mode=Asynchronous
NVIC.BusFault_IRQn=true\:0\:0\:false\:false\:true\:false\:false
NVIC.USART1_IRQn=true\:0\:0\:false\:false\:true\:true\:true
PB12.GPIO_PuPd=GPIO_PULLUP
RCC.APB1Freq_Value=36000000
ProjectManager.CustomerFirmwarePackage=
ProjectManager.DeviceId=STM32F103CBTx
PB12.GPIOParameters=GPIO_Speed,PinState,GPIO_PuPd,GPIO_Label
PB12.Signal=GPIO_Output
ProjectManager.LibraryCopy=1
PA3.Signal=USART2_RX
